
Microsoft Visual Studio Solution File, Format Version 12.00
# Visual Studio 15
VisualStudioVersion = 15.0.27428.2002
MinimumVisualStudioVersion = 10.0.40219.1
Project("{9A19103F-16F7-4668-BE54-9A1E7A4F7556}") = "MySoft.CalculateSalary", "CalculateSalary\MySoft.CalculateSalary.csproj", "{3AC06F1C-55F5-4429-9869-A7704DD26040}"
EndProject
Project("{9A19103F-16F7-4668-BE54-9A1E7A4F7556}") = "MySoft.Common", "Common\MySoft.Common.csproj", "{C389CC8E-3065-489E-A113-7889290B8284}"
EndProject
Global
	GlobalSection(SolutionConfigurationPlatforms) = preSolution
		Debug|Any CPU = Debug|Any CPU
		Release|Any CPU = Release|Any CPU
	EndGlobalSection
	GlobalSection(ProjectConfigurationPlatforms) = postSolution
		{3AC06F1C-55F5-4429-9869-A7704DD26040}.Debug|Any CPU.ActiveCfg = Debug|Any CPU
		{3AC06F1C-55F5-4429-9869-A7704DD26040}.Debug|Any CPU.Build.0 = Debug|Any CPU
		{3AC06F1C-55F5-4429-9869-A7704DD26040}.Release|Any CPU.ActiveCfg = Release|Any CPU
		{3AC06F1C-55F5-4429-9869-A7704DD26040}.Release|Any CPU.Build.0 = Release|Any CPU
		{C389CC8E-3065-489E-A113-7889290B8284}.Debug|Any CPU.ActiveCfg = Debug|Any CPU
		{C389CC8E-3065-489E-A113-7889290B8284}.Debug|Any CPU.Build.0 = Debug|Any CPU
		{C389CC8E-3065-489E-A113-7889290B8284}.Release|Any CPU.ActiveCfg = Release|Any CPU
		{C389CC8E-3065-489E-A113-7889290B8284}.Release|Any CPU.Build.0 = Release|Any CPU
	EndGlobalSection
	GlobalSection(SolutionProperties) = preSolution
		HideSolutionNode = FALSE
	EndGlobalSection
	GlobalSection(ExtensibilityGlobals) = postSolution
		SolutionGuid = {E045694D-15A2-4EAA-B1E5-331E06EA66B3}
	EndGlobalSection
EndGlobal
